{
  "name": "ts_code_analyzer",
  "version": "1.0.0",
  "lockfileVersion": 3,
  "requires": true,
  "packages": {
    "": {
      "name": "ts_code_analyzer",
      "version": "1.0.0",
      "license": "ISC",
      "bin": {
        "detect-dead-code": "dist/index.js"
      },
      "devDependencies": {
        "@typescript/native-preview": "^7.0.0-dev.20260413.1",
        "typescript": "^6.0.2"
      }
    },
    "node_modules/@typescript/native-preview": {
      "version": "7.0.0-dev.20260413.1",
      "resolved": "https://registry.npmjs.org/@typescript/native-preview/-/native-preview-7.0.0-dev.20260413.1.tgz",
      "integrity": "sha512-twzr3V4QLEbXaESuI2DqdzutOVFGpkY3VZDR9sF8YlLsAXkwyQvZo58cKM77mZcsHoCR4lCYcdTatWTTa/+8tw==",
      "dev": true,
      "license": "Apache-2.0",
      "bin": {
        "tsgo": "bin/tsgo.js"
      },
      "optionalDependencies": {
        "@typescript/native-preview-darwin-arm64": "7.0.0-dev.20260413.1",
        "@typescript/native-preview-darwin-x64": "7.0.0-dev.20260413.1",
        "@typescript/native-preview-linux-arm": "7.0.0-dev.20260413.1",
        "@typescript/native-preview-linux-arm64": "7.0.0-dev.20260413.1",
        "@typescript/native-preview-linux-x64": "7.0.0-dev.20260413.1",
        "@typescript/native-preview-win32-arm64": "7.0.0-dev.20260413.1",
        "@typescript/native-preview-win32-x64": "7.0.0-dev.20260413.1"
      }
    },
    "node_modules/@typescript/native-preview-darwin-arm64": {
      "version": "7.0.0-dev.20260413.1",
      "resolved": "https://registry.npmjs.org/@typescript/native-preview-darwin-arm64/-/native-preview-darwin-arm64-7.0.0-dev.20260413.1.tgz",
      "integrity": "sha512-CDgxIPvAWRCfOiQKvSk4wUkAoRW4Cy6vfAUBPNHSeLalIt43ToF0LOAsa5uLyRGsftjfMYY0A4qFOmgDvBhgzQ==",
      "cpu": [
        "arm64"
      ],
      "dev": true,
      "license": "Apache-2.0",
      "optional": true,
      "os": [
        "darwin"
      ]
    },
    "node_modules/@typescript/native-preview-darwin-x64": {
      "version": "7.0.0-dev.20260413.1",
      "resolved": "https://registry.npmjs.org/@typescript/native-preview-darwin-x64/-/native-preview-darwin-x64-7.0.0-dev.20260413.1.tgz",
      "integrity": "sha512-oiMmUtNMaqBh+eUogX53ichcEf7d+7upC0qa7xS9zWl85XEPKlrZCZpZ79yixw1PkdpjqJJigI11bmCi/JVv+g==",
      "cpu": [
        "x64"
      ],
      "dev": true,
      "license": "Apache-2.0",
      "optional": true,
      "os": [
        "darwin"
      ]
    },
    "node_modules/@typescript/native-preview-linux-arm": {
      "version": "7.0.0-dev.20260413.1",
      "resolved": "https://registry.npmjs.org/@typescript/native-preview-linux-arm/-/native-preview-linux-arm-7.0.0-dev.20260413.1.tgz",
      "integrity": "sha512-0lSXBzBVsxIGrFv/PxoswzMptsnU6BgSk7GMAUt/o1dVw36R2XrSs538vwKnujaJwt4iIdMS0uGdpUC5s9jkzQ==",
      "cpu": [
        "arm"
      ],
      "dev": true,
      "license": "Apache-2.0",
      "optional": true,
      "os": [
        "linux"
      ]
    },
    "node_modules/@typescript/native-preview-linux-arm64": {
      "version": "7.0.0-dev.20260413.1",
      "resolved": "https://registry.npmjs.org/@typescript/native-preview-linux-arm64/-/native-preview-linux-arm64-7.0.0-dev.20260413.1.tgz",
      "integrity": "sha512-hPKanfs9c+7953gIYw13CNxN0HqFAOfJjnWk4SHqSBe3Pj9pxoeJvvRWlofp5C833eOZK6gZB7ll0/uNb0djtA==",
      "cpu": [
        "arm64"
      ],
      "dev": true,
      "license": "Apache-2.0",
      "optional": true,
      "os": [
        "linux"
      ]
    },
    "node_modules/@typescript/native-preview-linux-x64": {
      "version": "7.0.0-dev.20260413.1",
      "resolved": "https://registry.npmjs.org/@typescript/native-preview-linux-x64/-/native-preview-linux-x64-7.0.0-dev.20260413.1.tgz",
      "integrity": "sha512-8Cr477HRmHZ5YyLfikNvw7qp3/WmnRjzIzJhUDrAx5173OBe8BdyV9jPemFHKDPqwI1AUMTijvptOFoQE7429w==",
      "cpu": [
        "x64"
      ],
      "dev": true,
      "license": "Apache-2.0",
      "optional": true,
      "os": [
        "linux"
      ]
    },
    "node_modules/@typescript/native-preview-win32-arm64": {
      "version": "7.0.0-dev.20260413.1",
      "resolved": "https://registry.npmjs.org/@typescript/native-preview-win32-arm64/-/native-preview-win32-arm64-7.0.0-dev.20260413.1.tgz",
      "integrity": "sha512-ulJD9ZbIQyTBIDx8zzAzQLtbvQDGHSWrNRgkgBU5Os2NTYADQRco4pU747R9wZPMLopy3IeNck6m8vwPoYMk1g==",
      "cpu": [
        "arm64"
      ],
      "dev": true,
      "license": "Apache-2.0",
      "optional": true,
      "os": [
        "win32"
      ]
    },
    "node_modules/@typescript/native-preview-win32-x64": {
      "version": "7.0.0-dev.20260413.1",
      "resolved": "https://registry.npmjs.org/@typescript/native-preview-win32-x64/-/native-preview-win32-x64-7.0.0-dev.20260413.1.tgz",
      "integrity": "sha512-x7DsSXnLQBf5XBBR8luHf1Nc/T1eByUmrOSEThW6825UB7lHoPlqKdhIoUNnTnS4nXQMxLwcusD4P1EP23GPJw==",
      "cpu": [
        "x64"
      ],
      "dev": true,
      "license": "Apache-2.0",
      "optional": true,
      "os": [
        "win32"
      ]
    },
    "node_modules/typescript": {
      "version": "6.0.2",
      "resolved": "https://registry.npmjs.org/typescript/-/typescript-6.0.2.tgz",
      "integrity": "sha512-bGdAIrZ0wiGDo5l8c++HWtbaNCWTS4UTv7RaTH/ThVIgjkveJt83m74bBHMJkuCbslY8ixgLBVZJIOiQlQTjfQ==",
      "dev": true,
      "license": "Apache-2.0",
      "bin": {
        "tsc": "bin/tsc",
        "tsserver": "bin/tsserver"
      },
      "engines": {
        "node": ">=14.17"
      }
    }
  }
}
